
Microsoft Visual Studio Solution File, Format Version 12.00
# Visual Studio 15
VisualStudioVersion = 15.0.27924.0
MinimumVisualStudioVersion = 10.0.40219.1
Project("{FAE04EC0-301F-11D3-BF4B-00C04F79EFBC}") = "SalesPrep.Android", "SalesPrep\SalesPrep.Android\SalesPrep.Android.csproj", "{77402E4C-6A89-4359-93F5-F7C1147F15FB}"
EndProject
Project("{FAE04EC0-301F-11D3-BF4B-00C04F79EFBC}") = "SalesPrep.iOS", "SalesPrep\SalesPrep.iOS\SalesPrep.iOS.csproj", "{6797A519-D75C-4824-8741-D801EB34A8D4}"
EndProject
Project("{FAE04EC0-301F-11D3-BF4B-00C04F79EFBC}") = "SalesPrep.UWP", "SalesPrep\SalesPrep.UWP\SalesPrep.UWP.csproj", "{A0B9FA9D-3CE7-434F-8AC1-5E98D86B591B}"
EndProject
Project("{FAE04EC0-301F-11D3-BF4B-00C04F79EFBC}") = "SalesPrep", "SalesPrep\SalesPrep\SalesPrep.csproj", "{6016C44A-E32E-4AA8-B56F-A206B15F88B9}"
EndProject
Global
	GlobalSection(SolutionConfigurationPlatforms) = preSolution
		Ad-Hoc|Any CPU = Ad-Hoc|Any CPU
		Ad-Hoc|ARM = Ad-Hoc|ARM
		Ad-Hoc|iPhone = Ad-Hoc|iPhone
		Ad-Hoc|iPhoneSimulator = Ad-Hoc|iPhoneSimulator
		Ad-Hoc|x64 = Ad-Hoc|x64
		Ad-Hoc|x86 = Ad-Hoc|x86
		AppStore|Any CPU = AppStore|Any CPU
		AppStore|ARM = AppStore|ARM
		AppStore|iPhone = AppStore|iPhone
		AppStore|iPhoneSimulator = AppStore|iPhoneSimulator
		AppStore|x64 = AppStore|x64
		AppStore|x86 = AppStore|x86
		Debug|Any CPU = Debug|Any CPU
		Debug|ARM = Debug|ARM
		Debug|iPhone = Debug|iPhone
		Debug|iPhoneSimulator = Debug|iPhoneSimulator
		Debug|x64 = Debug|x64
		Debug|x86 = Debug|x86
		Release|Any CPU = Release|Any CPU
		Release|ARM = Release|ARM
		Release|iPhone = Release|iPhone
		Release|iPhoneSimulator = Release|iPhoneSimulator
		Release|x64 = Release|x64
		Release|x86 = Release|x86
	EndGlobalSection
	GlobalSection(ProjectConfigurationPlatforms) = postSolution
		{77402E4C-6A89-4359-93F5-F7C1147F15FB}.Ad-Hoc|Any CPU.ActiveCfg = Release|Any CPU
		{77402E4C-6A89-4359-93F5-F7C1147F15FB}.Ad-Hoc|Any CPU.Build.0 = Release|Any CPU
		{77402E4C-6A89-4359-93F5-F7C1147F15FB}.Ad-Hoc|Any CPU.Deploy.0 = Release|Any CPU
		{77402E4C-6A89-4359-93F5-F7C1147F15FB}.Ad-Hoc|ARM.ActiveCfg = Release|Any CPU
		{77402E4C-6A89-4359-93F5-F7C1147F15FB}.Ad-Hoc|ARM.Build.0 = Release|Any CPU
		{77402E4C-6A89-4359-93F5-F7C1147F15FB}.Ad-Hoc|ARM.Deploy.0 = Release|Any CPU
		{77402E4C-6A89-4359-93F5-F7C1147F15FB}.Ad-Hoc|iPhone.ActiveCfg = Release|Any CPU
		{77402E4C-6A89-4359-93F5-F7C1147F15FB}.Ad-Hoc|iPhone.Build.0 = Release|Any CPU
		{77402E4C-6A89-4359-93F5-F7C1147F15FB}.Ad-Hoc|iPhone.Deploy.0 = Release|Any CPU
		{77402E4C-6A89-4359-93F5-F7C1147F15FB}.Ad-Hoc|iPhoneSimulator.ActiveCfg = Release|Any CPU
		{77402E4C-6A89-4359-93F5-F7C1147F15FB}.Ad-Hoc|iPhoneSimulator.Build.0 = Release|Any CPU
		{77402E4C-6A89-4359-93F5-F7C1147F15FB}.Ad-Hoc|iPhoneSimulator.Deploy.0 = Release|Any CPU
		{77402E4C-6A89-4359-93F5-F7C1147F15FB}.Ad-Hoc|x64.ActiveCfg = Release|Any CPU
		{77402E4C-6A89-4359-93F5-F7C1147F15FB}.Ad-Hoc|x64.Build.0 = Release|Any CPU
		{77402E4C-6A89-4359-93F5-F7C1147F15FB}.Ad-Hoc|x64.Deploy.0 = Release|Any CPU
		{77402E4C-6A89-4359-93F5-F7C1147F15FB}.Ad-Hoc|x86.ActiveCfg = Release|Any CPU
		{77402E4C-6A89-4359-93F5-F7C1147F15FB}.Ad-Hoc|x86.Build.0 = Release|Any CPU
		{77402E4C-6A89-4359-93F5-F7C1147F15FB}.Ad-Hoc|x86.Deploy.0 = Release|Any CPU
		{77402E4C-6A89-4359-93F5-F7C1147F15FB}.AppStore|Any CPU.ActiveCfg = Release|Any CPU
		{77402E4C-6A89-4359-93F5-F7C1147F15FB}.AppStore|Any CPU.Build.0 = Release|Any CPU
		{77402E4C-6A89-4359-93F5-F7C1147F15FB}.AppStore|Any CPU.Deploy.0 = Release|Any CPU
		{77402E4C-6A89-4359-93F5-F7C1147F15FB}.AppStore|ARM.ActiveCfg = Release|Any CPU
		{77402E4C-6A89-4359-93F5-F7C1147F15FB}.AppStore|ARM.Build.0 = Release|Any CPU
		{77402E4C-6A89-4359-93F5-F7C1147F15FB}.AppStore|ARM.Deploy.0 = Release|Any CPU
		{77402E4C-6A89-4359-93F5-F7C1147F15FB}.AppStore|iPhone.ActiveCfg = Release|Any CPU
		{77402E4C-6A89-4359-93F5-F7C1147F15FB}.AppStore|iPhone.Build.0 = Release|Any CPU
		{77402E4C-6A89-4359-93F5-F7C1147F15FB}.AppStore|iPhone.Deploy.0 = Release|Any CPU
		{77402E4C-6A89-4359-93F5-F7C1147F15FB}.AppStore|iPhoneSimulator.ActiveCfg = Release|Any CPU
		{77402E4C-6A89-4359-93F5-F7C1147F15FB}.AppStore|iPhoneSimulator.Build.0 = Release|Any CPU
		{77402E4C-6A89-4359-93F5-F7C1147F15FB}.AppStore|iPhoneSimulator.Deploy.0 = Release|Any CPU
		{77402E4C-6A89-4359-93F5-F7C1147F15FB}.AppStore|x64.ActiveCfg = Release|Any CPU
		{77402E4C-6A89-4359-93F5-F7C1147F15FB}.AppStore|x64.Build.0 = Release|Any CPU
		{77402E4C-6A89-4359-93F5-F7C1147F15FB}.AppStore|x64.Deploy.0 = Release|Any CPU
		{77402E4C-6A89-4359-93F5-F7C1147F15FB}.AppStore|x86.ActiveCfg = Release|Any CPU
		{77402E4C-6A89-4359-93F5-F7C1147F15FB}.AppStore|x86.Build.0 = Release|Any CPU
		{77402E4C-6A89-4359-93F5-F7C1147F15FB}.AppStore|x86.Deploy.0 = Release|Any CPU
		{77402E4C-6A89-4359-93F5-F7C1147F15FB}.Debug|Any CPU.ActiveCfg = Debug|Any CPU
		{77402E4C-6A89-4359-93F5-F7C1147F15FB}.Debug|Any CPU.Build.0 = Debug|Any CPU
		{77402E4C-6A89-4359-93F5-F7C1147F15FB}.Debug|Any CPU.Deploy.0 = Debug|Any CPU
		{77402E4C-6A89-4359-93F5-F7C1147F15FB}.Debug|ARM.ActiveCfg = Debug|Any CPU
		{77402E4C-6A89-4359-93F5-F7C1147F15FB}.Debug|ARM.Build.0 = Debug|Any CPU
		{77402E4C-6A89-4359-93F5-F7C1147F15FB}.Debug|ARM.Deploy.0 = Debug|Any CPU
		{77402E4C-6A89-4359-93F5-F7C1147F15FB}.Debug|iPhone.ActiveCfg = Debug|Any CPU
		{77402E4C-6A89-4359-93F5-F7C1147F15FB}.Debug|iPhone.Build.0 = Debug|Any CPU
		{77402E4C-6A89-4359-93F5-F7C1147F15FB}.Debug|iPhone.Deploy.0 = Debug|Any CPU
		{77402E4C-6A89-4359-93F5-F7C1147F15FB}.Debug|iPhoneSimulator.ActiveCfg = Debug|Any CPU
		{77402E4C-6A89-4359-93F5-F7C1147F15FB}.Debug|iPhoneSimulator.Build.0 = Debug|Any CPU
		{77402E4C-6A89-4359-93F5-F7C1147F15FB}.Debug|iPhoneSimulator.Deploy.0 = Debug|Any CPU
		{77402E4C-6A89-4359-93F5-F7C1147F15FB}.Debug|x64.ActiveCfg = Debug|Any CPU
		{77402E4C-6A89-4359-93F5-F7C1147F15FB}.Debug|x64.Build.0 = Debug|Any CPU
		{77402E4C-6A89-4359-93F5-F7C1147F15FB}.Debug|x64.Deploy.0 = Debug|Any CPU
		{77402E4C-6A89-4359-93F5-F7C1147F15FB}.Debug|x86.ActiveCfg = Debug|Any CPU
		{77402E4C-6A89-4359-93F5-F7C1147F15FB}.Debug|x86.Build.0 = Debug|Any CPU
		{77402E4C-6A89-4359-93F5-F7C1147F15FB}.Debug|x86.Deploy.0 = Debug|Any CPU
		{77402E4C-6A89-4359-93F5-F7C1147F15FB}.Release|Any CPU.ActiveCfg = Release|Any CPU
		{77402E4C-6A89-4359-93F5-F7C1147F15FB}.Release|Any CPU.Build.0 = Release|Any CPU
		{77402E4C-6A89-4359-93F5-F7C1147F15FB}.Release|Any CPU.Deploy.0 = Release|Any CPU
		{77402E4C-6A89-4359-93F5-F7C1147F15FB}.Release|ARM.ActiveCfg = Release|Any CPU
		{77402E4C-6A89-4359-93F5-F7C1147F15FB}.Release|ARM.Build.0 = Release|Any CPU
		{77402E4C-6A89-4359-93F5-F7C1147F15FB}.Release|ARM.Deploy.0 = Release|Any CPU
		{77402E4C-6A89-4359-93F5-F7C1147F15FB}.Release|iPhone.ActiveCfg = Release|Any CPU
		{77402E4C-6A89-4359-93F5-F7C1147F15FB}.Release|iPhone.Build.0 = Release|Any CPU
		{77402E4C-6A89-4359-93F5-F7C1147F15FB}.Release|iPhone.Deploy.0 = Release|Any CPU
		{77402E4C-6A89-4359-93F5-F7C1147F15FB}.Release|iPhoneSimulator.ActiveCfg = Release|Any CPU
		{77402E4C-6A89-4359-93F5-F7C1147F15FB}.Release|iPhoneSimulator.Build.0 = Release|Any CPU
		{77402E4C-6A89-4359-93F5-F7C1147F15FB}.Release|iPhoneSimulator.Deploy.0 = Release|Any CPU
		{77402E4C-6A89-4359-93F5-F7C1147F15FB}.Release|x64.ActiveCfg = Release|Any CPU
		{77402E4C-6A89-4359-93F5-F7C1147F15FB}.Release|x64.Build.0 = Release|Any CPU
		{77402E4C-6A89-4359-93F5-F7C1147F15FB}.Release|x64.Deploy.0 = Release|Any CPU
		{77402E4C-6A89-4359-93F5-F7C1147F15FB}.Release|x86.ActiveCfg = Release|Any CPU
		{77402E4C-6A89-4359-93F5-F7C1147F15FB}.Release|x86.Build.0 = Release|Any CPU
		{77402E4C-6A89-4359-93F5-F7C1147F15FB}.Release|x86.Deploy.0 = Release|Any CPU
		{6797A519-D75C-4824-8741-D801EB34A8D4}.Ad-Hoc|Any CPU.ActiveCfg = Ad-Hoc|iPhone
		{6797A519-D75C-4824-8741-D801EB34A8D4}.Ad-Hoc|Any CPU.Build.0 = Ad-Hoc|iPhone
		{6797A519-D75C-4824-8741-D801EB34A8D4}.Ad-Hoc|Any CPU.Deploy.0 = Ad-Hoc|iPhone
		{6797A519-D75C-4824-8741-D801EB34A8D4}.Ad-Hoc|ARM.ActiveCfg = Ad-Hoc|iPhone
		{6797A519-D75C-4824-8741-D801EB34A8D4}.Ad-Hoc|ARM.Build.0 = Ad-Hoc|iPhone
		{6797A519-D75C-4824-8741-D801EB34A8D4}.Ad-Hoc|ARM.Deploy.0 = Ad-Hoc|iPhone
		{6797A519-D75C-4824-8741-D801EB34A8D4}.Ad-Hoc|iPhone.ActiveCfg = Ad-Hoc|iPhone
		{6797A519-D75C-4824-8741-D801EB34A8D4}.Ad-Hoc|iPhone.Build.0 = Ad-Hoc|iPhone
		{6797A519-D75C-4824-8741-D801EB34A8D4}.Ad-Hoc|iPhone.Deploy.0 = Ad-Hoc|iPhone
		{6797A519-D75C-4824-8741-D801EB34A8D4}.Ad-Hoc|iPhoneSimulator.ActiveCfg = Ad-Hoc|iPhoneSimulator
		{6797A519-D75C-4824-8741-D801EB34A8D4}.Ad-Hoc|iPhoneSimulator.Build.0 = Ad-Hoc|iPhoneSimulator
		{6797A519-D75C-4824-8741-D801EB34A8D4}.Ad-Hoc|iPhoneSimulator.Deploy.0 = Ad-Hoc|iPhoneSimulator
		{6797A519-D75C-4824-8741-D801EB34A8D4}.Ad-Hoc|x64.ActiveCfg = Ad-Hoc|iPhone
		{6797A519-D75C-4824-8741-D801EB34A8D4}.Ad-Hoc|x64.Build.0 = Ad-Hoc|iPhone
		{6797A519-D75C-4824-8741-D801EB34A8D4}.Ad-Hoc|x64.Deploy.0 = Ad-Hoc|iPhone
		{6797A519-D75C-4824-8741-D801EB34A8D4}.Ad-Hoc|x86.ActiveCfg = Ad-Hoc|iPhone
		{6797A519-D75C-4824-8741-D801EB34A8D4}.Ad-Hoc|x86.Build.0 = Ad-Hoc|iPhone
		{6797A519-D75C-4824-8741-D801EB34A8D4}.Ad-Hoc|x86.Deploy.0 = Ad-Hoc|iPhone
		{6797A519-D75C-4824-8741-D801EB34A8D4}.AppStore|Any CPU.ActiveCfg = AppStore|iPhone
		{6797A519-D75C-4824-8741-D801EB34A8D4}.AppStore|Any CPU.Build.0 = AppStore|iPhone
		{6797A519-D75C-4824-8741-D801EB34A8D4}.AppStore|Any CPU.Deploy.0 = AppStore|iPhone
		{6797A519-D75C-4824-8741-D801EB34A8D4}.AppStore|ARM.ActiveCfg = AppStore|iPhone
		{6797A519-D75C-4824-8741-D801EB34A8D4}.AppStore|ARM.Build.0 = AppStore|iPhone
		{6797A519-D75C-4824-8741-D801EB34A8D4}.AppStore|ARM.Deploy.0 = AppStore|iPhone
		{6797A519-D75C-4824-8741-D801EB34A8D4}.AppStore|iPhone.ActiveCfg = AppStore|iPhone
		{6797A519-D75C-4824-8741-D801EB34A8D4}.AppStore|iPhone.Build.0 = AppStore|iPhone
		{6797A519-D75C-4824-8741-D801EB34A8D4}.AppStore|iPhone.Deploy.0 = AppStore|iPhone
		{6797A519-D75C-4824-8741-D801EB34A8D4}.AppStore|iPhoneSimulator.ActiveCfg = AppStore|iPhoneSimulator
		{6797A519-D75C-4824-8741-D801EB34A8D4}.AppStore|iPhoneSimulator.Build.0 = AppStore|iPhoneSimulator
		{6797A519-D75C-4824-8741-D801EB34A8D4}.AppStore|iPhoneSimulator.Deploy.0 = AppStore|iPhoneSimulator
		{6797A519-D75C-4824-8741-D801EB34A8D4}.AppStore|x64.ActiveCfg = AppStore|iPhone
		{6797A519-D75C-4824-8741-D801EB34A8D4}.AppStore|x64.Build.0 = AppStore|iPhone
		{6797A519-D75C-4824-8741-D801EB34A8D4}.AppStore|x64.Deploy.0 = AppStore|iPhone
		{6797A519-D75C-4824-8741-D801EB34A8D4}.AppStore|x86.ActiveCfg = AppStore|iPhone
		{6797A519-D75C-4824-8741-D801EB34A8D4}.AppStore|x86.Build.0 = AppStore|iPhone
		{6797A519-D75C-4824-8741-D801EB34A8D4}.AppStore|x86.Deploy.0 = AppStore|iPhone
		{6797A519-D75C-4824-8741-D801EB34A8D4}.Debug|Any CPU.ActiveCfg = Debug|iPhoneSimulator
		{6797A519-D75C-4824-8741-D801EB34A8D4}.Debug|Any CPU.Build.0 = Debug|iPhoneSimulator
		{6797A519-D75C-4824-8741-D801EB34A8D4}.Debug|Any CPU.Deploy.0 = Debug|iPhoneSimulator
		{6797A519-D75C-4824-8741-D801EB34A8D4}.Debug|ARM.ActiveCfg = Debug|iPhone
		{6797A519-D75C-4824-8741-D801EB34A8D4}.Debug|ARM.Build.0 = Debug|iPhone
		{6797A519-D75C-4824-8741-D801EB34A8D4}.Debug|ARM.Deploy.0 = Debug|iPhone
		{6797A519-D75C-4824-8741-D801EB34A8D4}.Debug|iPhone.ActiveCfg = Debug|iPhone
		{6797A519-D75C-4824-8741-D801EB34A8D4}.Debug|iPhone.Build.0 = Debug|iPhone
		{6797A519-D75C-4824-8741-D801EB34A8D4}.Debug|iPhone.Deploy.0 = Debug|iPhone
		{6797A519-D75C-4824-8741-D801EB34A8D4}.Debug|iPhoneSimulator.ActiveCfg = Debug|iPhoneSimulator
		{6797A519-D75C-4824-8741-D801EB34A8D4}.Debug|iPhoneSimulator.Build.0 = Debug|iPhoneSimulator
		{6797A519-D75C-4824-8741-D801EB34A8D4}.Debug|iPhoneSimulator.Deploy.0 = Debug|iPhoneSimulator
		{6797A519-D75C-4824-8741-D801EB34A8D4}.Debug|x64.ActiveCfg = Debug|iPhone
		{6797A519-D75C-4824-8741-D801EB34A8D4}.Debug|x64.Build.0 = Debug|iPhone
		{6797A519-D75C-4824-8741-D801EB34A8D4}.Debug|x64.Deploy.0 = Debug|iPhone
		{6797A519-D75C-4824-8741-D801EB34A8D4}.Debug|x86.ActiveCfg = Debug|iPhone
		{6797A519-D75C-4824-8741-D801EB34A8D4}.Debug|x86.Build.0 = Debug|iPhone
		{6797A519-D75C-4824-8741-D801EB34A8D4}.Debug|x86.Deploy.0 = Debug|iPhone
		{6797A519-D75C-4824-8741-D801EB34A8D4}.Release|Any CPU.ActiveCfg = Release|iPhone
		{6797A519-D75C-4824-8741-D801EB34A8D4}.Release|Any CPU.Build.0 = Release|iPhone
		{6797A519-D75C-4824-8741-D801EB34A8D4}.Release|Any CPU.Deploy.0 = Release|iPhone
		{6797A519-D75C-4824-8741-D801EB34A8D4}.Release|ARM.ActiveCfg = Release|iPhone
		{6797A519-D75C-4824-8741-D801EB34A8D4}.Release|ARM.Build.0 = Release|iPhone
		{6797A519-D75C-4824-8741-D801EB34A8D4}.Release|ARM.Deploy.0 = Release|iPhone
		{6797A519-D75C-4824-8741-D801EB34A8D4}.Release|iPhone.ActiveCfg = Release|iPhone
		{6797A519-D75C-4824-8741-D801EB34A8D4}.Release|iPhone.Build.0 = Release|iPhone
		{6797A519-D75C-4824-8741-D801EB34A8D4}.Release|iPhone.Deploy.0 = Release|iPhone
		{6797A519-D75C-4824-8741-D801EB34A8D4}.Release|iPhoneSimulator.ActiveCfg = Release|iPhoneSimulator
		{6797A519-D75C-4824-8741-D801EB34A8D4}.Release|iPhoneSimulator.Build.0 = Release|iPhoneSimulator
		{6797A519-D75C-4824-8741-D801EB34A8D4}.Release|iPhoneSimulator.Deploy.0 = Release|iPhoneSimulator
		{6797A519-D75C-4824-8741-D801EB34A8D4}.Release|x64.ActiveCfg = Release|iPhone
		{6797A519-D75C-4824-8741-D801EB34A8D4}.Release|x64.Build.0 = Release|iPhone
		{6797A519-D75C-4824-8741-D801EB34A8D4}.Release|x64.Deploy.0 = Release|iPhone
		{6797A519-D75C-4824-8741-D801EB34A8D4}.Release|x86.ActiveCfg = Release|iPhone
		{6797A519-D75C-4824-8741-D801EB34A8D4}.Release|x86.Build.0 = Release|iPhone
		{6797A519-D75C-4824-8741-D801EB34A8D4}.Release|x86.Deploy.0 = Release|iPhone
		{A0B9FA9D-3CE7-434F-8AC1-5E98D86B591B}.Ad-Hoc|Any CPU.ActiveCfg = Release|x86
		{A0B9FA9D-3CE7-434F-8AC1-5E98D86B591B}.Ad-Hoc|Any CPU.Build.0 = Release|x86
		{A0B9FA9D-3CE7-434F-8AC1-5E98D86B591B}.Ad-Hoc|Any CPU.Deploy.0 = Release|x86
		{A0B9FA9D-3CE7-434F-8AC1-5E98D86B591B}.Ad-Hoc|ARM.ActiveCfg = Release|ARM
		{A0B9FA9D-3CE7-434F-8AC1-5E98D86B591B}.Ad-Hoc|ARM.Build.0 = Release|ARM
		{A0B9FA9D-3CE7-434F-8AC1-5E98D86B591B}.Ad-Hoc|ARM.Deploy.0 = Release|ARM
		{A0B9FA9D-3CE7-434F-8AC1-5E98D86B591B}.Ad-Hoc|iPhone.ActiveCfg = Release|x86
		{A0B9FA9D-3CE7-434F-8AC1-5E98D86B591B}.Ad-Hoc|iPhone.Build.0 = Release|x86
		{A0B9FA9D-3CE7-434F-8AC1-5E98D86B591B}.Ad-Hoc|iPhone.Deploy.0 = Release|x86
		{A0B9FA9D-3CE7-434F-8AC1-5E98D86B591B}.Ad-Hoc|iPhoneSimulator.ActiveCfg = Release|x86
		{A0B9FA9D-3CE7-434F-8AC1-5E98D86B591B}.Ad-Hoc|iPhoneSimulator.Build.0 = Release|x86
		{A0B9FA9D-3CE7-434F-8AC1-5E98D86B591B}.Ad-Hoc|iPhoneSimulator.Deploy.0 = Release|x86
		{A0B9FA9D-3CE7-434F-8AC1-5E98D86B591B}.Ad-Hoc|x64.ActiveCfg = Release|x64
		{A0B9FA9D-3CE7-434F-8AC1-5E98D86B591B}.Ad-Hoc|x64.Build.0 = Release|x64
		{A0B9FA9D-3CE7-434F-8AC1-5E98D86B591B}.Ad-Hoc|x64.Deploy.0 = Release|x64
		{A0B9FA9D-3CE7-434F-8AC1-5E98D86B591B}.Ad-Hoc|x86.ActiveCfg = Release|x86
		{A0B9FA9D-3CE7-434F-8AC1-5E98D86B591B}.Ad-Hoc|x86.Build.0 = Release|x86
		{A0B9FA9D-3CE7-434F-8AC1-5E98D86B591B}.Ad-Hoc|x86.Deploy.0 = Release|x86
		{A0B9FA9D-3CE7-434F-8AC1-5E98D86B591B}.AppStore|Any CPU.ActiveCfg = Release|x86
		{A0B9FA9D-3CE7-434F-8AC1-5E98D86B591B}.AppStore|Any CPU.Build.0 = Release|x86
		{A0B9FA9D-3CE7-434F-8AC1-5E98D86B591B}.AppStore|Any CPU.Deploy.0 = Release|x86
		{A0B9FA9D-3CE7-434F-8AC1-5E98D86B591B}.AppStore|ARM.ActiveCfg = Release|ARM
		{A0B9FA9D-3CE7-434F-8AC1-5E98D86B591B}.AppStore|ARM.Build.0 = Release|ARM
		{A0B9FA9D-3CE7-434F-8AC1-5E98D86B591B}.AppStore|ARM.Deploy.0 = Release|ARM
		{A0B9FA9D-3CE7-434F-8AC1-5E98D86B591B}.AppStore|iPhone.ActiveCfg = Release|x86
		{A0B9FA9D-3CE7-434F-8AC1-5E98D86B591B}.AppStore|iPhone.Build.0 = Release|x86
		{A0B9FA9D-3CE7-434F-8AC1-5E98D86B591B}.AppStore|iPhone.Deploy.0 = Release|x86
		{A0B9FA9D-3CE7-434F-8AC1-5E98D86B591B}.AppStore|iPhoneSimulator.ActiveCfg = Release|x86
		{A0B9FA9D-3CE7-434F-8AC1-5E98D86B591B}.AppStore|iPhoneSimulator.Build.0 = Release|x86
		{A0B9FA9D-3CE7-434F-8AC1-5E98D86B591B}.AppStore|iPhoneSimulator.Deploy.0 = Release|x86
		{A0B9FA9D-3CE7-434F-8AC1-5E98D86B591B}.AppStore|x64.ActiveCfg = Release|x64
		{A0B9FA9D-3CE7-434F-8AC1-5E98D86B591B}.AppStore|x64.Build.0 = Release|x64
		{A0B9FA9D-3CE7-434F-8AC1-5E98D86B591B}.AppStore|x64.Deploy.0 = Release|x64
		{A0B9FA9D-3CE7-434F-8AC1-5E98D86B591B}.AppStore|x86.ActiveCfg = Release|x86
		{A0B9FA9D-3CE7-434F-8AC1-5E98D86B591B}.AppStore|x86.Build.0 = Release|x86
		{A0B9FA9D-3CE7-434F-8AC1-5E98D86B591B}.AppStore|x86.Deploy.0 = Release|x86
		{A0B9FA9D-3CE7-434F-8AC1-5E98D86B591B}.Debug|Any CPU.ActiveCfg = Debug|x86
		{A0B9FA9D-3CE7-434F-8AC1-5E98D86B591B}.Debug|Any CPU.Build.0 = Debug|x86
		{A0B9FA9D-3CE7-434F-8AC1-5E98D86B591B}.Debug|Any CPU.Deploy.0 = Debug|x86
		{A0B9FA9D-3CE7-434F-8AC1-5E98D86B591B}.Debug|ARM.ActiveCfg = Debug|ARM
		{A0B9FA9D-3CE7-434F-8AC1-5E98D86B591B}.Debug|ARM.Build.0 = Debug|ARM
		{A0B9FA9D-3CE7-434F-8AC1-5E98D86B591B}.Debug|ARM.Deploy.0 = Debug|ARM
		{A0B9FA9D-3CE7-434F-8AC1-5E98D86B591B}.Debug|iPhone.ActiveCfg = Debug|x86
		{A0B9FA9D-3CE7-434F-8AC1-5E98D86B591B}.Debug|iPhone.Build.0 = Debug|x86
		{A0B9FA9D-3CE7-434F-8AC1-5E98D86B591B}.Debug|iPhone.Deploy.0 = Debug|x86
		{A0B9FA9D-3CE7-434F-8AC1-5E98D86B591B}.Debug|iPhoneSimulator.ActiveCfg = Debug|x86
		{A0B9FA9D-3CE7-434F-8AC1-5E98D86B591B}.Debug|iPhoneSimulator.Build.0 = Debug|x86
		{A0B9FA9D-3CE7-434F-8AC1-5E98D86B591B}.Debug|iPhoneSimulator.Deploy.0 = Debug|x86
		{A0B9FA9D-3CE7-434F-8AC1-5E98D86B591B}.Debug|x64.ActiveCfg = Debug|x64
		{A0B9FA9D-3CE7-434F-8AC1-5E98D86B591B}.Debug|x64.Build.0 = Debug|x64
		{A0B9FA9D-3CE7-434F-8AC1-5E98D86B591B}.Debug|x64.Deploy.0 = Debug|x64
		{A0B9FA9D-3CE7-434F-8AC1-5E98D86B591B}.Debug|x86.ActiveCfg = Debug|x86
		{A0B9FA9D-3CE7-434F-8AC1-5E98D86B591B}.Debug|x86.Build.0 = Debug|x86
		{A0B9FA9D-3CE7-434F-8AC1-5E98D86B591B}.Debug|x86.Deploy.0 = Debug|x86
		{A0B9FA9D-3CE7-434F-8AC1-5E98D86B591B}.Release|Any CPU.ActiveCfg = Release|x86
		{A0B9FA9D-3CE7-434F-8AC1-5E98D86B591B}.Release|Any CPU.Build.0 = Release|x86
		{A0B9FA9D-3CE7-434F-8AC1-5E98D86B591B}.Release|Any CPU.Deploy.0 = Release|x86
		{A0B9FA9D-3CE7-434F-8AC1-5E98D86B591B}.Release|ARM.ActiveCfg = Release|ARM
		{A0B9FA9D-3CE7-434F-8AC1-5E98D86B591B}.Release|ARM.Build.0 = Release|ARM
		{A0B9FA9D-3CE7-434F-8AC1-5E98D86B591B}.Release|ARM.Deploy.0 = Release|ARM
		{A0B9FA9D-3CE7-434F-8AC1-5E98D86B591B}.Release|iPhone.ActiveCfg = Release|x86
		{A0B9FA9D-3CE7-434F-8AC1-5E98D86B591B}.Release|iPhone.Build.0 = Release|x86
		{A0B9FA9D-3CE7-434F-8AC1-5E98D86B591B}.Release|iPhone.Deploy.0 = Release|x86
		{A0B9FA9D-3CE7-434F-8AC1-5E98D86B591B}.Release|iPhoneSimulator.ActiveCfg = Release|x86
		{A0B9FA9D-3CE7-434F-8AC1-5E98D86B591B}.Release|iPhoneSimulator.Build.0 = Release|x86
		{A0B9FA9D-3CE7-434F-8AC1-5E98D86B591B}.Release|iPhoneSimulator.Deploy.0 = Release|x86
		{A0B9FA9D-3CE7-434F-8AC1-5E98D86B591B}.Release|x64.ActiveCfg = Release|x64
		{A0B9FA9D-3CE7-434F-8AC1-5E98D86B591B}.Release|x64.Build.0 = Release|x64
		{A0B9FA9D-3CE7-434F-8AC1-5E98D86B591B}.Release|x64.Deploy.0 = Release|x64
		{A0B9FA9D-3CE7-434F-8AC1-5E98D86B591B}.Release|x86.ActiveCfg = Release|x86
		{A0B9FA9D-3CE7-434F-8AC1-5E98D86B591B}.Release|x86.Build.0 = Release|x86
		{A0B9FA9D-3CE7-434F-8AC1-5E98D86B591B}.Release|x86.Deploy.0 = Release|x86
		{6016C44A-E32E-4AA8-B56F-A206B15F88B9}.Ad-Hoc|Any CPU.ActiveCfg = Debug|Any CPU
		{6016C44A-E32E-4AA8-B56F-A206B15F88B9}.Ad-Hoc|Any CPU.Build.0 = Debug|Any CPU
		{6016C44A-E32E-4AA8-B56F-A206B15F88B9}.Ad-Hoc|Any CPU.Deploy.0 = Debug|Any CPU
		{6016C44A-E32E-4AA8-B56F-A206B15F88B9}.Ad-Hoc|ARM.ActiveCfg = Debug|Any CPU
		{6016C44A-E32E-4AA8-B56F-A206B15F88B9}.Ad-Hoc|ARM.Build.0 = Debug|Any CPU
		{6016C44A-E32E-4AA8-B56F-A206B15F88B9}.Ad-Hoc|ARM.Deploy.0 = Debug|Any CPU
		{6016C44A-E32E-4AA8-B56F-A206B15F88B9}.Ad-Hoc|iPhone.ActiveCfg = Debug|Any CPU
		{6016C44A-E32E-4AA8-B56F-A206B15F88B9}.Ad-Hoc|iPhone.Build.0 = Debug|Any CPU
		{6016C44A-E32E-4AA8-B56F-A206B15F88B9}.Ad-Hoc|iPhone.Deploy.0 = Debug|Any CPU
		{6016C44A-E32E-4AA8-B56F-A206B15F88B9}.Ad-Hoc|iPhoneSimulator.ActiveCfg = Debug|Any CPU
		{6016C44A-E32E-4AA8-B56F-A206B15F88B9}.Ad-Hoc|iPhoneSimulator.Build.0 = Debug|Any CPU
		{6016C44A-E32E-4AA8-B56F-A206B15F88B9}.Ad-Hoc|iPhoneSimulator.Deploy.0 = Debug|Any CPU
		{6016C44A-E32E-4AA8-B56F-A206B15F88B9}.Ad-Hoc|x64.ActiveCfg = Debug|Any CPU
		{6016C44A-E32E-4AA8-B56F-A206B15F88B9}.Ad-Hoc|x64.Build.0 = Debug|Any CPU
		{6016C44A-E32E-4AA8-B56F-A206B15F88B9}.Ad-Hoc|x64.Deploy.0 = Debug|Any CPU
		{6016C44A-E32E-4AA8-B56F-A206B15F88B9}.Ad-Hoc|x86.ActiveCfg = Debug|Any CPU
		{6016C44A-E32E-4AA8-B56F-A206B15F88B9}.Ad-Hoc|x86.Build.0 = Debug|Any CPU
		{6016C44A-E32E-4AA8-B56F-A206B15F88B9}.Ad-Hoc|x86.Deploy.0 = Debug|Any CPU
		{6016C44A-E32E-4AA8-B56F-A206B15F88B9}.AppStore|Any CPU.ActiveCfg = Debug|Any CPU
		{6016C44A-E32E-4AA8-B56F-A206B15F88B9}.AppStore|Any CPU.Build.0 = Debug|Any CPU
		{6016C44A-E32E-4AA8-B56F-A206B15F88B9}.AppStore|Any CPU.Deploy.0 = Debug|Any CPU
		{6016C44A-E32E-4AA8-B56F-A206B15F88B9}.AppStore|ARM.ActiveCfg = Debug|Any CPU
		{6016C44A-E32E-4AA8-B56F-A206B15F88B9}.AppStore|ARM.Build.0 = Debug|Any CPU
		{6016C44A-E32E-4AA8-B56F-A206B15F88B9}.AppStore|ARM.Deploy.0 = Debug|Any CPU
		{6016C44A-E32E-4AA8-B56F-A206B15F88B9}.AppStore|iPhone.ActiveCfg = Debug|Any CPU
		{6016C44A-E32E-4AA8-B56F-A206B15F88B9}.AppStore|iPhone.Build.0 = Debug|Any CPU
		{6016C44A-E32E-4AA8-B56F-A206B15F88B9}.AppStore|iPhone.Deploy.0 = Debug|Any CPU
		{6016C44A-E32E-4AA8-B56F-A206B15F88B9}.AppStore|iPhoneSimulator.ActiveCfg = Debug|Any CPU
		{6016C44A-E32E-4AA8-B56F-A206B15F88B9}.AppStore|iPhoneSimulator.Build.0 = Debug|Any CPU
		{6016C44A-E32E-4AA8-B56F-A206B15F88B9}.AppStore|iPhoneSimulator.Deploy.0 = Debug|Any CPU
		{6016C44A-E32E-4AA8-B56F-A206B15F88B9}.AppStore|x64.ActiveCfg = Debug|Any CPU
		{6016C44A-E32E-4AA8-B56F-A206B15F88B9}.AppStore|x64.Build.0 = Debug|Any CPU
		{6016C44A-E32E-4AA8-B56F-A206B15F88B9}.AppStore|x64.Deploy.0 = Debug|Any CPU
		{6016C44A-E32E-4AA8-B56F-A206B15F88B9}.AppStore|x86.ActiveCfg = Debug|Any CPU
		{6016C44A-E32E-4AA8-B56F-A206B15F88B9}.AppStore|x86.Build.0 = Debug|Any CPU
		{6016C44A-E32E-4AA8-B56F-A206B15F88B9}.AppStore|x86.Deploy.0 = Debug|Any CPU
		{6016C44A-E32E-4AA8-B56F-A206B15F88B9}.Debug|Any CPU.ActiveCfg = Debug|Any CPU
		{6016C44A-E32E-4AA8-B56F-A206B15F88B9}.Debug|Any CPU.Build.0 = Debug|Any CPU
		{6016C44A-E32E-4AA8-B56F-A206B15F88B9}.Debug|Any CPU.Deploy.0 = Debug|Any CPU
		{6016C44A-E32E-4AA8-B56F-A206B15F88B9}.Debug|ARM.ActiveCfg = Debug|Any CPU
		{6016C44A-E32E-4AA8-B56F-A206B15F88B9}.Debug|ARM.Build.0 = Debug|Any CPU
		{6016C44A-E32E-4AA8-B56F-A206B15F88B9}.Debug|ARM.Deploy.0 = Debug|Any CPU
		{6016C44A-E32E-4AA8-B56F-A206B15F88B9}.Debug|iPhone.ActiveCfg = Debug|Any CPU
		{6016C44A-E32E-4AA8-B56F-A206B15F88B9}.Debug|iPhone.Build.0 = Debug|Any CPU
		{6016C44A-E32E-4AA8-B56F-A206B15F88B9}.Debug|iPhone.Deploy.0 = Debug|Any CPU
		{6016C44A-E32E-4AA8-B56F-A206B15F88B9}.Debug|iPhoneSimulator.ActiveCfg = Debug|Any CPU
		{6016C44A-E32E-4AA8-B56F-A206B15F88B9}.Debug|iPhoneSimulator.Build.0 = Debug|Any CPU
		{6016C44A-E32E-4AA8-B56F-A206B15F88B9}.Debug|iPhoneSimulator.Deploy.0 = Debug|Any CPU
		{6016C44A-E32E-4AA8-B56F-A206B15F88B9}.Debug|x64.ActiveCfg = Debug|Any CPU
		{6016C44A-E32E-4AA8-B56F-A206B15F88B9}.Debug|x64.Build.0 = Debug|Any CPU
		{6016C44A-E32E-4AA8-B56F-A206B15F88B9}.Debug|x64.Deploy.0 = Debug|Any CPU
		{6016C44A-E32E-4AA8-B56F-A206B15F88B9}.Debug|x86.ActiveCfg = Debug|Any CPU
		{6016C44A-E32E-4AA8-B56F-A206B15F88B9}.Debug|x86.Build.0 = Debug|Any CPU
		{6016C44A-E32E-4AA8-B56F-A206B15F88B9}.Debug|x86.Deploy.0 = Debug|Any CPU
		{6016C44A-E32E-4AA8-B56F-A206B15F88B9}.Release|Any CPU.ActiveCfg = Release|Any CPU
		{6016C44A-E32E-4AA8-B56F-A206B15F88B9}.Release|Any CPU.Build.0 = Release|Any CPU
		{6016C44A-E32E-4AA8-B56F-A206B15F88B9}.Release|Any CPU.Deploy.0 = Release|Any CPU
		{6016C44A-E32E-4AA8-B56F-A206B15F88B9}.Release|ARM.ActiveCfg = Release|Any CPU
		{6016C44A-E32E-4AA8-B56F-A206B15F88B9}.Release|ARM.Build.0 = Release|Any CPU
		{6016C44A-E32E-4AA8-B56F-A206B15F88B9}.Release|ARM.Deploy.0 = Release|Any CPU
		{6016C44A-E32E-4AA8-B56F-A206B15F88B9}.Release|iPhone.ActiveCfg = Release|Any CPU
		{6016C44A-E32E-4AA8-B56F-A206B15F88B9}.Release|iPhone.Build.0 = Release|Any CPU
		{6016C44A-E32E-4AA8-B56F-A206B15F88B9}.Release|iPhone.Deploy.0 = Release|Any CPU
		{6016C44A-E32E-4AA8-B56F-A206B15F88B9}.Release|iPhoneSimulator.ActiveCfg = Release|Any CPU
		{6016C44A-E32E-4AA8-B56F-A206B15F88B9}.Release|iPhoneSimulator.Build.0 = Release|Any CPU
		{6016C44A-E32E-4AA8-B56F-A206B15F88B9}.Release|iPhoneSimulator.Deploy.0 = Release|Any CPU
		{6016C44A-E32E-4AA8-B56F-A206B15F88B9}.Release|x64.ActiveCfg = Release|Any CPU
		{6016C44A-E32E-4AA8-B56F-A206B15F88B9}.Release|x64.Build.0 = Release|Any CPU
		{6016C44A-E32E-4AA8-B56F-A206B15F88B9}.Release|x64.Deploy.0 = Release|Any CPU
		{6016C44A-E32E-4AA8-B56F-A206B15F88B9}.Release|x86.ActiveCfg = Release|Any CPU
		{6016C44A-E32E-4AA8-B56F-A206B15F88B9}.Release|x86.Build.0 = Release|Any CPU
		{6016C44A-E32E-4AA8-B56F-A206B15F88B9}.Release|x86.Deploy.0 = Release|Any CPU
	EndGlobalSection
	GlobalSection(SolutionProperties) = preSolution
		HideSolutionNode = FALSE
	EndGlobalSection
	GlobalSection(ExtensibilityGlobals) = postSolution
		SolutionGuid = {E82A9CD8-9D6C-47B5-80DF-096389FEC8E2}
	EndGlobalSection
EndGlobal
